
Microsoft Visual Studio Solution File, Format Version 12.00
# Visual Studio Version 17
VisualStudioVersion = 17.9.34607.119
MinimumVisualStudioVersion = 10.0.40219.1
Project("{FAE04EC0-301F-11D3-BF4B-00C04F79EFBC}") = "RapidRegAddIn", "RapidRegAddIn\RapidRegAddIn.csproj", "{BFBBCFC3-35AD-4CB2-BB31-D9B833079A9F}"
EndProject
Global
	GlobalSection(SolutionConfigurationPlatforms) = preSolution
		Debug|Any CPU = Debug|Any CPU
		Release|Any CPU = Release|Any CPU
	EndGlobalSection
	GlobalSection(ProjectConfigurationPlatforms) = postSolution
		{BFBBCFC3-35AD-4CB2-BB31-D9B833079A9F}.Debug|Any CPU.ActiveCfg = Debug|Any CPU
		{BFBBCFC3-35AD-4CB2-BB31-D9B833079A9F}.Debug|Any CPU.Build.0 = Debug|Any CPU
		{BFBBCFC3-35AD-4CB2-BB31-D9B833079A9F}.Release|Any CPU.ActiveCfg = Release|Any CPU
		{BFBBCFC3-35AD-4CB2-BB31-D9B833079A9F}.Release|Any CPU.Build.0 = Release|Any CPU
	EndGlobalSection
	GlobalSection(SolutionProperties) = preSolution
		HideSolutionNode = FALSE
	EndGlobalSection
	GlobalSection(ExtensibilityGlobals) = postSolution
		SolutionGuid = {D4480B61-5033-42DD-B345-0DFCD4D4D330}
	EndGlobalSection
EndGlobal
